// !$*UTF8*$!
{
	archiveVersion = 1;
	classes = {
	};
	objectVersion = 55;
	objects = {

/* Begin PBXBuildFile section */
		8D5251FE2893C55200946C7E /* AppDelegate.swift in Sources */ = {isa = PBXBuildFile; fileRef = 8D5251FD2893C55200946C7E /* AppDelegate.swift */; };
		8D5252002893C55200946C7E /* SceneDelegate.swift in Sources */ = {isa = PBXBuildFile; fileRef = 8D5251FF2893C55200946C7E /* SceneDelegate.swift */; };
		8D5252022893C55200946C7E /* ViewController.swift in Sources */ = {isa = PBXBuildFile; fileRef = 8D5252012893C55200946C7E /* ViewController.swift */; };
		8D5252052893C55200946C7E /* Main.storyboard in Resources */ = {isa = PBXBuildFile; fileRef = 8D5252032893C55200946C7E /* Main.storyboard */; };
		8D5252072893C55400946C7E /* Assets.xcassets in Resources */ = {isa = PBXBuildFile; fileRef = 8D5252062893C55400946C7E /* Assets.xcassets */; };
		8D52520A2893C55400946C7E /* LaunchScreen.storyboard in Resources */ = {isa = PBXBuildFile; fileRef = 8D5252082893C55400946C7E /* LaunchScreen.storyboard */; };
		8D5252212893E1CD00946C7E /* Wotfard-SemiBoldItalic.otf in Resources */ = {isa = PBXBuildFile; fileRef = 8D5252132893E1CD00946C7E /* Wotfard-SemiBoldItalic.otf */; };
		8D5252222893E1CD00946C7E /* Wotfard-LightItalic.otf in Resources */ = {isa = PBXBuildFile; fileRef = 8D5252142893E1CD00946C7E /* Wotfard-LightItalic.otf */; };
		8D5252232893E1CD00946C7E /* Wotfard-RegularItalic.otf in Resources */ = {isa = PBXBuildFile; fileRef = 8D5252152893E1CD00946C7E /* Wotfard-RegularItalic.otf */; };
		8D5252242893E1CD00946C7E /* Wotfard-Medium.otf in Resources */ = {isa = PBXBuildFile; fileRef = 8D5252162893E1CD00946C7E /* Wotfard-Medium.otf */; };
		8D5252252893E1CD00946C7E /* Wotfard-MediumItalic.otf in Resources */ = {isa = PBXBuildFile; fileRef = 8D5252172893E1CD00946C7E /* Wotfard-MediumItalic.otf */; };
		8D5252262893E1CD00946C7E /* Wotfard-ExtraLight.otf in Resources */ = {isa = PBXBuildFile; fileRef = 8D5252182893E1CD00946C7E /* Wotfard-ExtraLight.otf */; };
		8D5252272893E1CD00946C7E /* Wotfard-Light.otf in Resources */ = {isa = PBXBuildFile; fileRef = 8D5252192893E1CD00946C7E /* Wotfard-Light.otf */; };
		8D5252282893E1CD00946C7E /* Wotfard-ExtraLightItalic.otf in Resources */ = {isa = PBXBuildFile; fileRef = 8D52521A2893E1CD00946C7E /* Wotfard-ExtraLightItalic.otf */; };
		8D5252292893E1CD00946C7E /* Wotfard-Thin.otf in Resources */ = {isa = PBXBuildFile; fileRef = 8D52521B2893E1CD00946C7E /* Wotfard-Thin.otf */; };
		8D52522A2893E1CD00946C7E /* Wotfard-Bold.otf in Resources */ = {isa = PBXBuildFile; fileRef = 8D52521C2893E1CD00946C7E /* Wotfard-Bold.otf */; };
		8D52522B2893E1CD00946C7E /* Wotfard-Regular.otf in Resources */ = {isa = PBXBuildFile; fileRef = 8D52521D2893E1CD00946C7E /* Wotfard-Regular.otf */; };
		8D52522C2893E1CD00946C7E /* Wotfard-BoldItalic.otf in Resources */ = {isa = PBXBuildFile; fileRef = 8D52521E2893E1CD00946C7E /* Wotfard-BoldItalic.otf */; };
		8D52522D2893E1CD00946C7E /* Wotfard-SemiBold.otf in Resources */ = {isa = PBXBuildFile; fileRef = 8D52521F2893E1CD00946C7E /* Wotfard-SemiBold.otf */; };
		8D52522E2893E1CD00946C7E /* Wotfard-ThinItalic.otf in Resources */ = {isa = PBXBuildFile; fileRef = 8D5252202893E1CD00946C7E /* Wotfard-ThinItalic.otf */; };
		8D525230289405B100946C7E /* CheckboxView.xib in Resources */ = {isa = PBXBuildFile; fileRef = 8D52522F289405B100946C7E /* CheckboxView.xib */; };
		8D5252342894101400946C7E /* CheckboxView.swift in Sources */ = {isa = PBXBuildFile; fileRef = 8D5252332894101400946C7E /* CheckboxView.swift */; };
/* End PBXBuildFile section */

/* Begin PBXFileReference section */
		8D5251FA2893C55200946C7E /* Practice.app */ = {isa = PBXFileReference; explicitFileType = wrapper.application; includeInIndex = 0; path = Practice.app; sourceTree = BUILT_PRODUCTS_DIR; };
		8D5251FD2893C55200946C7E /* AppDelegate.swift */ = {isa = PBXFileReference; lastKnownFileType = sourcecode.swift; path = AppDelegate.swift; sourceTree = "<group>"; };
		8D5251FF2893C55200946C7E /* SceneDelegate.swift */ = {isa = PBXFileReference; lastKnownFileType = sourcecode.swift; path = SceneDelegate.swift; sourceTree = "<group>"; };
		8D5252012893C55200946C7E /* ViewController.swift */ = {isa = PBXFileReference; lastKnownFileType = sourcecode.swift; path = ViewController.swift; sourceTree = "<group>"; };
		8D5252042893C55200946C7E /* Base */ = {isa = PBXFileReference; lastKnownFileType = file.storyboard; name = Base; path = Base.lproj/Main.storyboard; sourceTree = "<group>"; };
		8D5252062893C55400946C7E /* Assets.xcassets */ = {isa = PBXFileReference; lastKnownFileType = folder.assetcatalog; path = Assets.xcassets; sourceTree = "<group>"; };
		8D5252092893C55400946C7E /* Base */ = {isa = PBXFileReference; lastKnownFileType = file.storyboard; name = Base; path = Base.lproj/LaunchScreen.storyboard; sourceTree = "<group>"; };
		8D52520B2893C55400946C7E /* Info.plist */ = {isa = PBXFileReference; lastKnownFileType = text.plist.xml; path = Info.plist; sourceTree = "<group>"; };
		8D5252132893E1CD00946C7E /* Wotfard-SemiBoldItalic.otf */ = {isa = PBXFileReference; lastKnownFileType = file; path = "Wotfard-SemiBoldItalic.otf"; sourceTree = "<group>"; };
		8D5252142893E1CD00946C7E /* Wotfard-LightItalic.otf */ = {isa = PBXFileReference; lastKnownFileType = file; path = "Wotfard-LightItalic.otf"; sourceTree = "<group>"; };
		8D5252152893E1CD00946C7E /* Wotfard-RegularItalic.otf */ = {isa = PBXFileReference; lastKnownFileType = file; path = "Wotfard-RegularItalic.otf"; sourceTree = "<group>"; };
		8D5252162893E1CD00946C7E /* Wotfard-Medium.otf */ = {isa = PBXFileReference; lastKnownFileType = file; path = "Wotfard-Medium.otf"; sourceTree = "<group>"; };
		8D5252172893E1CD00946C7E /* Wotfard-MediumItalic.otf */ = {isa = PBXFileReference; lastKnownFileType = file; path = "Wotfard-MediumItalic.otf"; sourceTree = "<group>"; };
		8D5252182893E1CD00946C7E /* Wotfard-ExtraLight.otf */ = {isa = PBXFileReference; lastKnownFileType = file; path = "Wotfard-ExtraLight.otf"; sourceTree = "<group>"; };
		8D5252192893E1CD00946C7E /* Wotfard-Light.otf */ = {isa = PBXFileReference; lastKnownFileType = file; path = "Wotfard-Light.otf"; sourceTree = "<group>"; };
		8D52521A2893E1CD00946C7E /* Wotfard-ExtraLightItalic.otf */ = {isa = PBXFileReference; lastKnownFileType = file; path = "Wotfard-ExtraLightItalic.otf"; sourceTree = "<group>"; };
		8D52521B2893E1CD00946C7E /* Wotfard-Thin.otf */ = {isa = PBXFileReference; lastKnownFileType = file; path = "Wotfard-Thin.otf"; sourceTree = "<group>"; };
		8D52521C2893E1CD00946C7E /* Wotfard-Bold.otf */ = {isa = PBXFileReference; lastKnownFileType = file; path = "Wotfard-Bold.otf"; sourceTree = "<group>"; };
		8D52521D2893E1CD00946C7E /* Wotfard-Regular.otf */ = {isa = PBXFileReference; lastKnownFileType = file; path = "Wotfard-Regular.otf"; sourceTree = "<group>"; };
		8D52521E2893E1CD00946C7E /* Wotfard-BoldItalic.otf */ = {isa = PBXFileReference; lastKnownFileType = file; path = "Wotfard-BoldItalic.otf"; sourceTree = "<group>"; };
		8D52521F2893E1CD00946C7E /* Wotfard-SemiBold.otf */ = {isa = PBXFileReference; lastKnownFileType = file; path = "Wotfard-SemiBold.otf"; sourceTree = "<group>"; };
		8D5252202893E1CD00946C7E /* Wotfard-ThinItalic.otf */ = {isa = PBXFileReference; lastKnownFileType = file; path = "Wotfard-ThinItalic.otf"; sourceTree = "<group>"; };
		8D52522F289405B100946C7E /* CheckboxView.xib */ = {isa = PBXFileReference; lastKnownFileType = file.xib; path = CheckboxView.xib; sourceTree = "<group>"; };
		8D5252332894101400946C7E /* CheckboxView.swift */ = {isa = PBXFileReference; lastKnownFileType = sourcecode.swift; path = CheckboxView.swift; sourceTree = "<group>"; };
/* End PBXFileReference section */

/* Begin PBXFrameworksBuildPhase section */
		8D5251F72893C55200946C7E /* Frameworks */ = {
			isa = PBXFrameworksBuildPhase;
			buildActionMask = 2147483647;
			files = (
			);
			runOnlyForDeploymentPostprocessing = 0;
		};
/* End PBXFrameworksBuildPhase section */

/* Begin PBXGroup section */
		8D5251F12893C55200946C7E = {
			isa = PBXGroup;
			children = (
				8D5251FC2893C55200946C7E /* Practice */,
				8D5251FB2893C55200946C7E /* Products */,
			);
			sourceTree = "<group>";
		};
		8D5251FB2893C55200946C7E /* Products */ = {
			isa = PBXGroup;
			children = (
				8D5251FA2893C55200946C7E /* Practice.app */,
			);
			name = Products;
			sourceTree = "<group>";
		};
		8D5251FC2893C55200946C7E /* Practice */ = {
			isa = PBXGroup;
			children = (
				8D52523128940FD200946C7E /* Views */,
				8D5252112893E0B200946C7E /* Resources */,
				8D5251FD2893C55200946C7E /* AppDelegate.swift */,
				8D5251FF2893C55200946C7E /* SceneDelegate.swift */,
				8D5252012893C55200946C7E /* ViewController.swift */,
				8D5252032893C55200946C7E /* Main.storyboard */,
				8D5252062893C55400946C7E /* Assets.xcassets */,
				8D5252082893C55400946C7E /* LaunchScreen.storyboard */,
				8D52520B2893C55400946C7E /* Info.plist */,
			);
			path = Practice;
			sourceTree = "<group>";
		};
		8D5252112893E0B200946C7E /* Resources */ = {
			isa = PBXGroup;
			children = (
				8D5252122893E13B00946C7E /* Fonts */,
			);
			path = Resources;
			sourceTree = "<group>";
		};
		8D5252122893E13B00946C7E /* Fonts */ = {
			isa = PBXGroup;
			children = (
				8D52521C2893E1CD00946C7E /* Wotfard-Bold.otf */,
				8D52521E2893E1CD00946C7E /* Wotfard-BoldItalic.otf */,
				8D5252182893E1CD00946C7E /* Wotfard-ExtraLight.otf */,
				8D52521A2893E1CD00946C7E /* Wotfard-ExtraLightItalic.otf */,
				8D5252192893E1CD00946C7E /* Wotfard-Light.otf */,
				8D5252142893E1CD00946C7E /* Wotfard-LightItalic.otf */,
				8D5252162893E1CD00946C7E /* Wotfard-Medium.otf */,
				8D5252172893E1CD00946C7E /* Wotfard-MediumItalic.otf */,
				8D52521D2893E1CD00946C7E /* Wotfard-Regular.otf */,
				8D5252152893E1CD00946C7E /* Wotfard-RegularItalic.otf */,
				8D52521F2893E1CD00946C7E /* Wotfard-SemiBold.otf */,
				8D5252132893E1CD00946C7E /* Wotfard-SemiBoldItalic.otf */,
				8D52521B2893E1CD00946C7E /* Wotfard-Thin.otf */,
				8D5252202893E1CD00946C7E /* Wotfard-ThinItalic.otf */,
			);
			path = Fonts;
			sourceTree = "<group>";
		};
		8D52523128940FD200946C7E /* Views */ = {
			isa = PBXGroup;
			children = (
				8D52523228940FD700946C7E /* CheckboxView */,
			);
			path = Views;
			sourceTree = "<group>";
		};
		8D52523228940FD700946C7E /* CheckboxView */ = {
			isa = PBXGroup;
			children = (
				8D5252332894101400946C7E /* CheckboxView.swift */,
				8D52522F289405B100946C7E /* CheckboxView.xib */,
			);
			path = CheckboxView;
			sourceTree = "<group>";
		};
/* End PBXGroup section */

/* Begin PBXNativeTarget section */
		8D5251F92893C55200946C7E /* Practice */ = {
			isa = PBXNativeTarget;
			buildConfigurationList = 8D52520E2893C55400946C7E /* Build configuration list for PBXNativeTarget "Practice" */;
			buildPhases = (
				8D5251F62893C55200946C7E /* Sources */,
				8D5251F72893C55200946C7E /* Frameworks */,
				8D5251F82893C55200946C7E /* Resources */,
			);
			buildRules = (
			);
			dependencies = (
			);
			name = Practice;
			productName = Practice;
			productReference = 8D5251FA2893C55200946C7E /* Practice.app */;
			productType = "com.apple.product-type.application";
		};
/* End PBXNativeTarget section */

/* Begin PBXProject section */
		8D5251F22893C55200946C7E /* Project object */ = {
			isa = PBXProject;
			attributes = {
				BuildIndependentTargetsInParallel = 1;
				LastSwiftUpdateCheck = 1320;
				LastUpgradeCheck = 1320;
				TargetAttributes = {
					8D5251F92893C55200946C7E = {
						CreatedOnToolsVersion = 13.2.1;
					};
				};
			};
			buildConfigurationList = 8D5251F52893C55200946C7E /* Build configuration list for PBXProject "Practice" */;
			compatibilityVersion = "Xcode 13.0";
			developmentRegion = en;
			hasScannedForEncodings = 0;
			knownRegions = (
				en,
				Base,
			);
			mainGroup = 8D5251F12893C55200946C7E;
			productRefGroup = 8D5251FB2893C55200946C7E /* Products */;
			projectDirPath = "";
			projectRoot = "";
			targets = (
				8D5251F92893C55200946C7E /* Practice */,
			);
		};
/* End PBXProject section */

/* Begin PBXResourcesBuildPhase section */
		8D5251F82893C55200946C7E /* Resources */ = {
			isa = PBXResourcesBuildPhase;
			buildActionMask = 2147483647;
			files = (
				8D52522B2893E1CD00946C7E /* Wotfard-Regular.otf in Resources */,
				8D5252272893E1CD00946C7E /* Wotfard-Light.otf in Resources */,
				8D5252282893E1CD00946C7E /* Wotfard-ExtraLightItalic.otf in Resources */,
				8D5252292893E1CD00946C7E /* Wotfard-Thin.otf in Resources */,
				8D525230289405B100946C7E /* CheckboxView.xib in Resources */,
				8D52520A2893C55400946C7E /* LaunchScreen.storyboard in Resources */,
				8D5252072893C55400946C7E /* Assets.xcassets in Resources */,
				8D5252252893E1CD00946C7E /* Wotfard-MediumItalic.otf in Resources */,
				8D5252262893E1CD00946C7E /* Wotfard-ExtraLight.otf in Resources */,
				8D5252242893E1CD00946C7E /* Wotfard-Medium.otf in Resources */,
				8D5252212893E1CD00946C7E /* Wotfard-SemiBoldItalic.otf in Resources */,
				8D52522A2893E1CD00946C7E /* Wotfard-Bold.otf in Resources */,
				8D5252222893E1CD00946C7E /* Wotfard-LightItalic.otf in Resources */,
				8D52522C2893E1CD00946C7E /* Wotfard-BoldItalic.otf in Resources */,
				8D5252232893E1CD00946C7E /* Wotfard-RegularItalic.otf in Resources */,
				8D52522E2893E1CD00946C7E /* Wotfard-ThinItalic.otf in Resources */,
				8D52522D2893E1CD00946C7E /* Wotfard-SemiBold.otf in Resources */,
				8D5252052893C55200946C7E /* Main.storyboard in Resources */,
			);
			runOnlyForDeploymentPostprocessing = 0;
		};
/* End PBXResourcesBuildPhase section */

/* Begin PBXSourcesBuildPhase section */
		8D5251F62893C55200946C7E /* Sources */ = {
			isa = PBXSourcesBuildPhase;
			buildActionMask = 2147483647;
			files = (
				8D5252022893C55200946C7E /* ViewController.swift in Sources */,
				8D5251FE2893C55200946C7E /* AppDelegate.swift in Sources */,
				8D5252002893C55200946C7E /* SceneDelegate.swift in Sources */,
				8D5252342894101400946C7E /* CheckboxView.swift in Sources */,
			);
			runOnlyForDeploymentPostprocessing = 0;
		};
/* End PBXSourcesBuildPhase section */

/* Begin PBXVariantGroup section */
		8D5252032893C55200946C7E /* Main.storyboard */ = {
			isa = PBXVariantGroup;
			children = (
				8D5252042893C55200946C7E /* Base */,
			);
			name = Main.storyboard;
			sourceTree = "<group>";
		};
		8D5252082893C55400946C7E /* LaunchScreen.storyboard */ = {
			isa = PBXVariantGroup;
			children = (
				8D5252092893C55400946C7E /* Base */,
			);
			name = LaunchScreen.storyboard;
			sourceTree = "<group>";
		};
/* End PBXVariantGroup section */

/* Begin XCBuildConfiguration section */
		8D52520C2893C55400946C7E /* Debug */ = {
			isa = XCBuildConfiguration;
			buildSettings = {
				ALWAYS_SEARCH_USER_PATHS = NO;
				CLANG_ANALYZER_NONNULL = YES;
				CLANG_ANALYZER_NUMBER_OBJECT_CONVERSION = YES_AGGRESSIVE;
				CLANG_CXX_LANGUAGE_STANDARD = "gnu++17";
				CLANG_CXX_LIBRARY = "libc++";
				CLANG_ENABLE_MODULES = YES;
				CLANG_ENABLE_OBJC_ARC = YES;
				CLANG_ENABLE_OBJC_WEAK = YES;
				CLANG_WARN_BLOCK_CAPTURE_AUTORELEASING = YES;
				CLANG_WARN_BOOL_CONVERSION = YES;
				CLANG_WARN_COMMA = YES;
				CLANG_WARN_CONSTANT_CONVERSION = YES;
				CLANG_WARN_DEPRECATED_OBJC_IMPLEMENTATIONS = YES;
				CLANG_WARN_DIRECT_OBJC_ISA_USAGE = YES_ERROR;
				CLANG_WARN_DOCUMENTATION_COMMENTS = YES;
				CLANG_WARN_EMPTY_BODY = YES;
				CLANG_WARN_ENUM_CONVERSION = YES;
				CLANG_WARN_INFINITE_RECURSION = YES;
				CLANG_WARN_INT_CONVERSION = YES;
				CLANG_WARN_NON_LITERAL_NULL_CONVERSION = YES;
				CLANG_WARN_OBJC_IMPLICIT_RETAIN_SELF = YES;
				CLANG_WARN_OBJC_LITERAL_CONVERSION = YES;
				CLANG_WARN_OBJC_ROOT_CLASS = YES_ERROR;
				CLANG_WARN_QUOTED_INCLUDE_IN_FRAMEWORK_HEADER = YES;
				CLANG_WARN_RANGE_LOOP_ANALYSIS = YES;
				CLANG_WARN_STRICT_PROTOTYPES = YES;
				CLANG_WARN_SUSPICIOUS_MOVE = YES;
				CLANG_WARN_UNGUARDED_AVAILABILITY = YES_AGGRESSIVE;
				CLANG_WARN_UNREACHABLE_CODE = YES;
				CLANG_WARN__DUPLICATE_METHOD_MATCH = YES;
				COPY_PHASE_STRIP = NO;
				DEBUG_INFORMATION_FORMAT = dwarf;
				ENABLE_STRICT_OBJC_MSGSEND = YES;
				ENABLE_TESTABILITY = YES;
				GCC_C_LANGUAGE_STANDARD = gnu11;
				GCC_DYNAMIC_NO_PIC = NO;
				GCC_NO_COMMON_BLOCKS = YES;
				GCC_OPTIMIZATION_LEVEL = 0;
				GCC_PREPROCESSOR_DEFINITIONS = (
					"DEBUG=1",
					"$(inherited)",
				);
				GCC_WARN_64_TO_32_BIT_CONVERSION = YES;
				GCC_WARN_ABOUT_RETURN_TYPE = YES_ERROR;
				GCC_WARN_UNDECLARED_SELECTOR = YES;
				GCC_WARN_UNINITIALIZED_AUTOS = YES_AGGRESSIVE;
				GCC_WARN_UNUSED_FUNCTION = YES;
				GCC_WARN_UNUSED_VARIABLE = YES;
				IPHONEOS_DEPLOYMENT_TARGET = 15.2;
				MTL_ENABLE_DEBUG_INFO = INCLUDE_SOURCE;
				MTL_FAST_MATH = YES;
				ONLY_ACTIVE_ARCH = YES;
				SDKROOT = iphoneos;
				SWIFT_ACTIVE_COMPILATION_CONDITIONS = DEBUG;
				SWIFT_OPTIMIZATION_LEVEL = "-Onone";
			};
			name = Debug;
		};
		8D52520D2893C55400946C7E /* Release */ = {
			isa = XCBuildConfiguration;
			buildSettings = {
				ALWAYS_SEARCH_USER_PATHS = NO;
				CLANG_ANALYZER_NONNULL = YES;
				CLANG_ANALYZER_NUMBER_OBJECT_CONVERSION = YES_AGGRESSIVE;
				CLANG_CXX_LANGUAGE_STANDARD = "gnu++17";
				CLANG_CXX_LIBRARY = "libc++";
				CLANG_ENABLE_MODULES = YES;
				CLANG_ENABLE_OBJC_ARC = YES;
				CLANG_ENABLE_OBJC_WEAK = YES;
				CLANG_WARN_BLOCK_CAPTURE_AUTORELEASING = YES;
				CLANG_WARN_BOOL_CONVERSION = YES;
				CLANG_WARN_COMMA = YES;
				CLANG_WARN_CONSTANT_CONVERSION = YES;
				CLANG_WARN_DEPRECATED_OBJC_IMPLEMENTATIONS = YES;
				CLANG_WARN_DIRECT_OBJC_ISA_USAGE = YES_ERROR;
				CLANG_WARN_DOCUMENTATION_COMMENTS = YES;
				CLANG_WARN_EMPTY_BODY = YES;
				CLANG_WARN_ENUM_CONVERSION = YES;
				CLANG_WARN_INFINITE_RECURSION = YES;
				CLANG_WARN_INT_CONVERSION = YES;
				CLANG_WARN_NON_LITERAL_NULL_CONVERSION = YES;
				CLANG_WARN_OBJC_IMPLICIT_RETAIN_SELF = YES;
				CLANG_WARN_OBJC_LITERAL_CONVERSION = YES;
				CLANG_WARN_OBJC_ROOT_CLASS = YES_ERROR;
				CLANG_WARN_QUOTED_INCLUDE_IN_FRAMEWORK_HEADER = YES;
				CLANG_WARN_RANGE_LOOP_ANALYSIS = YES;
				CLANG_WARN_STRICT_PROTOTYPES = YES;
				CLANG_WARN_SUSPICIOUS_MOVE = YES;
				CLANG_WARN_UNGUARDED_AVAILABILITY = YES_AGGRESSIVE;
				CLANG_WARN_UNREACHABLE_CODE = YES;
				CLANG_WARN__DUPLICATE_METHOD_MATCH = YES;
				COPY_PHASE_STRIP = NO;
				DEBUG_INFORMATION_FORMAT = "dwarf-with-dsym";
				ENABLE_NS_ASSERTIONS = NO;
				ENABLE_STRICT_OBJC_MSGSEND = YES;
				GCC_C_LANGUAGE_STANDARD = gnu11;
				GCC_NO_COMMON_BLOCKS = YES;
				GCC_WARN_64_TO_32_BIT_CONVERSION = YES;
				GCC_WARN_ABOUT_RETURN_TYPE = YES_ERROR;
				GCC_WARN_UNDECLARED_SELECTOR = YES;
				GCC_WARN_UNINITIALIZED_AUTOS = YES_AGGRESSIVE;
				GCC_WARN_UNUSED_FUNCTION = YES;
				GCC_WARN_UNUSED_VARIABLE = YES;
				IPHONEOS_DEPLOYMENT_TARGET = 15.2;
				MTL_ENABLE_DEBUG_INFO = NO;
				MTL_FAST_MATH = YES;
				SDKROOT = iphoneos;
				SWIFT_COMPILATION_MODE = wholemodule;
				SWIFT_OPTIMIZATION_LEVEL = "-O";
				VALIDATE_PRODUCT = YES;
			};
			name = Release;
		};
		8D52520F2893C55400946C7E /* Debug */ = {
			isa = XCBuildConfiguration;
			buildSettings = {
				ASSETCATALOG_COMPILER_APPICON_NAME = AppIcon;
				ASSETCATALOG_COMPILER_GLOBAL_ACCENT_COLOR_NAME = AccentColor;
				CODE_SIGN_STYLE = Automatic;
				CURRENT_PROJECT_VERSION = 1;
				GENERATE_INFOPLIST_FILE = YES;
				INFOPLIST_FILE = Practice/Info.plist;
				INFOPLIST_KEY_UIApplicationSupportsIndirectInputEvents = YES;
				INFOPLIST_KEY_UILaunchStoryboardName = LaunchScreen;
				INFOPLIST_KEY_UIMainStoryboardFile = Main;
				INFOPLIST_KEY_UISupportedInterfaceOrientations_iPad = "UIInterfaceOrientationPortrait UIInterfaceOrientationPortraitUpsideDown UIInterfaceOrientationLandscapeLeft UIInterfaceOrientationLandscapeRight";
				INFOPLIST_KEY_UISupportedInterfaceOrientations_iPhone = "UIInterfaceOrientationPortrait UIInterfaceOrientationLandscapeLeft UIInterfaceOrientationLandscapeRight";
				LD_RUNPATH_SEARCH_PATHS = (
					"$(inherited)",
					"@executable_path/Frameworks",
				);
				MARKETING_VERSION = 1.0;
				PRODUCT_BUNDLE_IDENTIFIER = com.nmw.Practice;
				PRODUCT_NAME = "$(TARGET_NAME)";
				SWIFT_EMIT_LOC_STRINGS = YES;
				SWIFT_VERSION = 5.0;
				TARGETED_DEVICE_FAMILY = "1,2";
			};
			name = Debug;
		};
		8D5252102893C55400946C7E /* Release */ = {
			isa = XCBuildConfiguration;
			buildSettings = {
				ASSETCATALOG_COMPILER_APPICON_NAME = AppIcon;
				ASSETCATALOG_COMPILER_GLOBAL_ACCENT_COLOR_NAME = AccentColor;
				CODE_SIGN_STYLE = Automatic;
				CURRENT_PROJECT_VERSION = 1;
				GENERATE_INFOPLIST_FILE = YES;
				INFOPLIST_FILE = Practice/Info.plist;
				INFOPLIST_KEY_UIApplicationSupportsIndirectInputEvents = YES;
				INFOPLIST_KEY_UILaunchStoryboardName = LaunchScreen;
				INFOPLIST_KEY_UIMainStoryboardFile = Main;
				INFOPLIST_KEY_UISupportedInterfaceOrientations_iPad = "UIInterfaceOrientationPortrait UIInterfaceOrientationPortraitUpsideDown UIInterfaceOrientationLandscapeLeft UIInterfaceOrientationLandscapeRight";
				INFOPLIST_KEY_UISupportedInterfaceOrientations_iPhone = "UIInterfaceOrientationPortrait UIInterfaceOrientationLandscapeLeft UIInterfaceOrientationLandscapeRight";
				LD_RUNPATH_SEARCH_PATHS = (
					"$(inherited)",
					"@executable_path/Frameworks",
				);
				MARKETING_VERSION = 1.0;
				PRODUCT_BUNDLE_IDENTIFIER = com.nmw.Practice;
				PRODUCT_NAME = "$(TARGET_NAME)";
				SWIFT_EMIT_LOC_STRINGS = YES;
				SWIFT_VERSION = 5.0;
				TARGETED_DEVICE_FAMILY = "1,2";
			};
			name = Release;
		};
/* End XCBuildConfiguration section */

/* Begin XCConfigurationList section */
		8D5251F52893C55200946C7E /* Build configuration list for PBXProject "Practice" */ = {
			isa = XCConfigurationList;
			buildConfigurations = (
				8D52520C2893C55400946C7E /* Debug */,
				8D52520D2893C55400946C7E /* Release */,
			);
			defaultConfigurationIsVisible = 0;
			defaultConfigurationName = Release;
		};
		8D52520E2893C55400946C7E /* Build configuration list for PBXNativeTarget "Practice" */ = {
			isa = XCConfigurationList;
			buildConfigurations = (
				8D52520F2893C55400946C7E /* Debug */,
				8D5252102893C55400946C7E /* Release */,
			);
			defaultConfigurationIsVisible = 0;
			defaultConfigurationName = Release;
		};
/* End XCConfigurationList section */
	};
	rootObject = 8D5251F22893C55200946C7E /* Project object */;
}
